// !$*UTF8*$!
{
	archiveVersion = 1;
	classes = {
	};
	objectVersion = 46;
	objects = {

/* Begin PBXBuildFile section */
		422EA7BE1C5C6E646A79E2E3 /* libPods-EasyTopup.a in Frameworks */ = {isa = PBXBuildFile; fileRef = 4875DBFF3016C68FA336D389 /* libPods-EasyTopup.a */; };
		4A039EDF1C1AD044002F7F83 /* libz.tbd in Frameworks */ = {isa = PBXBuildFile; fileRef = 4A039EDE1C1AD043002F7F83 /* libz.tbd */; };
		4A039EE11C1AD0A0002F7F83 /* Foundation.framework in Frameworks */ = {isa = PBXBuildFile; fileRef = 4A039EE01C1AD0A0002F7F83 /* Foundation.framework */; };
		4A039EE31C1AD13A002F7F83 /* CoreFoundation.framework in Frameworks */ = {isa = PBXBuildFile; fileRef = 4A039EE21C1AD13A002F7F83 /* CoreFoundation.framework */; };
		4AD153311C1952190088A3BB /* main.m in Sources */ = {isa = PBXBuildFile; fileRef = 4AD153301C1952190088A3BB /* main.m */; };
		4AD153341C1952190088A3BB /* AppDelegate.m in Sources */ = {isa = PBXBuildFile; fileRef = 4AD153331C1952190088A3BB /* AppDelegate.m */; };
		4AD1533A1C1952190088A3BB /* Main.storyboard in Resources */ = {isa = PBXBuildFile; fileRef = 4AD153381C1952190088A3BB /* Main.storyboard */; };
		4AD1533D1C1952190088A3BB /* EasyTopup.xcdatamodeld in Sources */ = {isa = PBXBuildFile; fileRef = 4AD1533B1C1952190088A3BB /* EasyTopup.xcdatamodeld */; };
		4AD1533F1C1952190088A3BB /* Assets.xcassets in Resources */ = {isa = PBXBuildFile; fileRef = 4AD1533E1C1952190088A3BB /* Assets.xcassets */; };
		4AD153421C1952190088A3BB /* LaunchScreen.storyboard in Resources */ = {isa = PBXBuildFile; fileRef = 4AD153401C1952190088A3BB /* LaunchScreen.storyboard */; };
		4AD1534D1C1952190088A3BB /* EasyTopupTests.m in Sources */ = {isa = PBXBuildFile; fileRef = 4AD1534C1C1952190088A3BB /* EasyTopupTests.m */; };
		4AD153581C1952190088A3BB /* EasyTopupUITests.m in Sources */ = {isa = PBXBuildFile; fileRef = 4AD153571C1952190088A3BB /* EasyTopupUITests.m */; };
		4ADFF60E1C1995F000B1CBE1 /* tessdata in Resources */ = {isa = PBXBuildFile; fileRef = 4ADFF60D1C1995F000B1CBE1 /* tessdata */; };
		4ADFF62A1C19968300B1CBE1 /* FXBlurView.m in Sources */ = {isa = PBXBuildFile; fileRef = 4ADFF6271C19968300B1CBE1 /* FXBlurView.m */; };
		4ADFF62B1C19968300B1CBE1 /* ImageCropView.m in Sources */ = {isa = PBXBuildFile; fileRef = 4ADFF6291C19968300B1CBE1 /* ImageCropView.m */; };
		4ADFF62E1C1996EC00B1CBE1 /* OCRController.m in Sources */ = {isa = PBXBuildFile; fileRef = 4ADFF62D1C1996EC00B1CBE1 /* OCRController.m */; };
		4AF634681C1E94A000C931BF /* NetworkSelectionViewController.m in Sources */ = {isa = PBXBuildFile; fileRef = 4AF634671C1E94A000C931BF /* NetworkSelectionViewController.m */; };
		4AF6346B1C1E96D900C931BF /* Network.m in Sources */ = {isa = PBXBuildFile; fileRef = 4AF6346A1C1E96D900C931BF /* Network.m */; };
		4AF6346F1C1E996500C931BF /* NetworkCell.m in Sources */ = {isa = PBXBuildFile; fileRef = 4AF6346E1C1E996500C931BF /* NetworkCell.m */; };
		4AF634711C1E9A3B00C931BF /* tick.png in Resources */ = {isa = PBXBuildFile; fileRef = 4AF634701C1E9A3B00C931BF /* tick.png */; };
		B676D2041C1F54940029BD01 /* CallController.m in Sources */ = {isa = PBXBuildFile; fileRef = B676D2031C1F54940029BD01 /* CallController.m */; };
		B67F68401C1F2CA000187D3F /* PJModalView.m in Sources */ = {isa = PBXBuildFile; fileRef = B67F683E1C1F2CA000187D3F /* PJModalView.m */; };
		B67F68411C1F2CA000187D3F /* PJModalView.xib in Resources */ = {isa = PBXBuildFile; fileRef = B67F683F1C1F2CA000187D3F /* PJModalView.xib */; };
		B67F68441C1F395300187D3F /* AddNewNetworkViewController.m in Sources */ = {isa = PBXBuildFile; fileRef = B67F68431C1F395300187D3F /* AddNewNetworkViewController.m */; };
/* End PBXBuildFile section */

/* Begin PBXContainerItemProxy section */
		4AD153491C1952190088A3BB /* PBXContainerItemProxy */ = {
			isa = PBXContainerItemProxy;
			containerPortal = 4AD153241C1952190088A3BB /* Project object */;
			proxyType = 1;
			remoteGlobalIDString = 4AD1532B1C1952190088A3BB;
			remoteInfo = EasyTopup;
		};
		4AD153541C1952190088A3BB /* PBXContainerItemProxy */ = {
			isa = PBXContainerItemProxy;
			containerPortal = 4AD153241C1952190088A3BB /* Project object */;
			proxyType = 1;
			remoteGlobalIDString = 4AD1532B1C1952190088A3BB;
			remoteInfo = EasyTopup;
		};
/* End PBXContainerItemProxy section */

/* Begin PBXFileReference section */
		4875DBFF3016C68FA336D389 /* libPods-EasyTopup.a */ = {isa = PBXFileReference; explicitFileType = archive.ar; includeInIndex = 0; path = "libPods-EasyTopup.a"; sourceTree = BUILT_PRODUCTS_DIR; };
		4A039EDE1C1AD043002F7F83 /* libz.tbd */ = {isa = PBXFileReference; lastKnownFileType = "sourcecode.text-based-dylib-definition"; name = libz.tbd; path = usr/lib/libz.tbd; sourceTree = SDKROOT; };
		4A039EE01C1AD0A0002F7F83 /* Foundation.framework */ = {isa = PBXFileReference; lastKnownFileType = wrapper.framework; name = Foundation.framework; path = System/Library/Frameworks/Foundation.framework; sourceTree = SDKROOT; };
		4A039EE21C1AD13A002F7F83 /* CoreFoundation.framework */ = {isa = PBXFileReference; lastKnownFileType = wrapper.framework; name = CoreFoundation.framework; path = System/Library/Frameworks/CoreFoundation.framework; sourceTree = SDKROOT; };
		4AD1532C1C1952190088A3BB /* EasyTopup.app */ = {isa = PBXFileReference; explicitFileType = wrapper.application; includeInIndex = 0; path = EasyTopup.app; sourceTree = BUILT_PRODUCTS_DIR; };
		4AD153301C1952190088A3BB /* main.m */ = {isa = PBXFileReference; lastKnownFileType = sourcecode.c.objc; path = main.m; sourceTree = "<group>"; };
		4AD153321C1952190088A3BB /* AppDelegate.h */ = {isa = PBXFileReference; lastKnownFileType = sourcecode.c.h; path = AppDelegate.h; sourceTree = "<group>"; };
		4AD153331C1952190088A3BB /* AppDelegate.m */ = {isa = PBXFileReference; lastKnownFileType = sourcecode.c.objc; path = AppDelegate.m; sourceTree = "<group>"; };
		4AD153391C1952190088A3BB /* Base */ = {isa = PBXFileReference; lastKnownFileType = file.storyboard; name = Base; path = Base.lproj/Main.storyboard; sourceTree = "<group>"; };
		4AD1533C1C1952190088A3BB /* EasyTopup.xcdatamodel */ = {isa = PBXFileReference; lastKnownFileType = wrapper.xcdatamodel; path = EasyTopup.xcdatamodel; sourceTree = "<group>"; };
		4AD1533E1C1952190088A3BB /* Assets.xcassets */ = {isa = PBXFileReference; lastKnownFileType = folder.assetcatalog; path = Assets.xcassets; sourceTree = "<group>"; };
		4AD153411C1952190088A3BB /* Base */ = {isa = PBXFileReference; lastKnownFileType = file.storyboard; name = Base; path = Base.lproj/LaunchScreen.storyboard; sourceTree = "<group>"; };
		4AD153431C1952190088A3BB /* Info.plist */ = {isa = PBXFileReference; lastKnownFileType = text.plist.xml; path = Info.plist; sourceTree = "<group>"; };
		4AD153481C1952190088A3BB /* EasyTopupTests.xctest */ = {isa = PBXFileReference; explicitFileType = wrapper.cfbundle; includeInIndex = 0; path = EasyTopupTests.xctest; sourceTree = BUILT_PRODUCTS_DIR; };
		4AD1534C1C1952190088A3BB /* EasyTopupTests.m */ = {isa = PBXFileReference; lastKnownFileType = sourcecode.c.objc; path = EasyTopupTests.m; sourceTree = "<group>"; };
		4AD1534E1C1952190088A3BB /* Info.plist */ = {isa = PBXFileReference; lastKnownFileType = text.plist.xml; path = Info.plist; sourceTree = "<group>"; };
		4AD153531C1952190088A3BB /* EasyTopupUITests.xctest */ = {isa = PBXFileReference; explicitFileType = wrapper.cfbundle; includeInIndex = 0; path = EasyTopupUITests.xctest; sourceTree = BUILT_PRODUCTS_DIR; };
		4AD153571C1952190088A3BB /* EasyTopupUITests.m */ = {isa = PBXFileReference; lastKnownFileType = sourcecode.c.objc; path = EasyTopupUITests.m; sourceTree = "<group>"; };
		4AD153591C1952190088A3BB /* Info.plist */ = {isa = PBXFileReference; lastKnownFileType = text.plist.xml; path = Info.plist; sourceTree = "<group>"; };
		4ADFF60D1C1995F000B1CBE1 /* tessdata */ = {isa = PBXFileReference; lastKnownFileType = folder; name = tessdata; path = ../tessdata; sourceTree = "<group>"; };
		4ADFF6261C19968300B1CBE1 /* FXBlurView.h */ = {isa = PBXFileReference; fileEncoding = 4; lastKnownFileType = sourcecode.c.h; path = FXBlurView.h; sourceTree = "<group>"; };
		4ADFF6271C19968300B1CBE1 /* FXBlurView.m */ = {isa = PBXFileReference; fileEncoding = 4; lastKnownFileType = sourcecode.c.objc; path = FXBlurView.m; sourceTree = "<group>"; };
		4ADFF6281C19968300B1CBE1 /* ImageCropView.h */ = {isa = PBXFileReference; fileEncoding = 4; lastKnownFileType = sourcecode.c.h; path = ImageCropView.h; sourceTree = "<group>"; };
		4ADFF6291C19968300B1CBE1 /* ImageCropView.m */ = {isa = PBXFileReference; fileEncoding = 4; lastKnownFileType = sourcecode.c.objc; path = ImageCropView.m; sourceTree = "<group>"; };
		4ADFF62C1C1996EC00B1CBE1 /* OCRController.h */ = {isa = PBXFileReference; fileEncoding = 4; lastKnownFileType = sourcecode.c.h; path = OCRController.h; sourceTree = "<group>"; };
		4ADFF62D1C1996EC00B1CBE1 /* OCRController.m */ = {isa = PBXFileReference; fileEncoding = 4; lastKnownFileType = sourcecode.c.objc; path = OCRController.m; sourceTree = "<group>"; };
		4AF634661C1E94A000C931BF /* NetworkSelectionViewController.h */ = {isa = PBXFileReference; fileEncoding = 4; lastKnownFileType = sourcecode.c.h; path = NetworkSelectionViewController.h; sourceTree = "<group>"; };
		4AF634671C1E94A000C931BF /* NetworkSelectionViewController.m */ = {isa = PBXFileReference; fileEncoding = 4; lastKnownFileType = sourcecode.c.objc; path = NetworkSelectionViewController.m; sourceTree = "<group>"; };
		4AF634691C1E96D900C931BF /* Network.h */ = {isa = PBXFileReference; fileEncoding = 4; lastKnownFileType = sourcecode.c.h; name = Network.h; path = Libraries/Network.h; sourceTree = "<group>"; };
		4AF6346A1C1E96D900C931BF /* Network.m */ = {isa = PBXFileReference; fileEncoding = 4; lastKnownFileType = sourcecode.c.objc; name = Network.m; path = Libraries/Network.m; sourceTree = "<group>"; };
		4AF6346D1C1E996500C931BF /* NetworkCell.h */ = {isa = PBXFileReference; fileEncoding = 4; lastKnownFileType = sourcecode.c.h; path = NetworkCell.h; sourceTree = "<group>"; };
		4AF6346E1C1E996500C931BF /* NetworkCell.m */ = {isa = PBXFileReference; fileEncoding = 4; lastKnownFileType = sourcecode.c.objc; path = NetworkCell.m; sourceTree = "<group>"; };
		4AF634701C1E9A3B00C931BF /* tick.png */ = {isa = PBXFileReference; lastKnownFileType = image.png; path = tick.png; sourceTree = "<group>"; };
		8C93069BC750A8429970F7FA /* Pods-EasyTopup.release.xcconfig */ = {isa = PBXFileReference; includeInIndex = 1; lastKnownFileType = text.xcconfig; name = "Pods-EasyTopup.release.xcconfig"; path = "Pods/Target Support Files/Pods-EasyTopup/Pods-EasyTopup.release.xcconfig"; sourceTree = "<group>"; };
		B676D2021C1F54940029BD01 /* CallController.h */ = {isa = PBXFileReference; fileEncoding = 4; lastKnownFileType = sourcecode.c.h; path = CallController.h; sourceTree = "<group>"; };
		B676D2031C1F54940029BD01 /* CallController.m */ = {isa = PBXFileReference; fileEncoding = 4; lastKnownFileType = sourcecode.c.objc; path = CallController.m; sourceTree = "<group>"; };
		B67F68361C1F287B00187D3F /* PrefixHeader.pch */ = {isa = PBXFileReference; lastKnownFileType = sourcecode.c.h; path = PrefixHeader.pch; sourceTree = "<group>"; };
		B67F68371C1F28C200187D3F /* Constants.h */ = {isa = PBXFileReference; lastKnownFileType = sourcecode.c.h; path = Constants.h; sourceTree = "<group>"; };
		B67F683D1C1F2CA000187D3F /* PJModalView.h */ = {isa = PBXFileReference; fileEncoding = 4; lastKnownFileType = sourcecode.c.h; path = PJModalView.h; sourceTree = "<group>"; };
		B67F683E1C1F2CA000187D3F /* PJModalView.m */ = {isa = PBXFileReference; fileEncoding = 4; lastKnownFileType = sourcecode.c.objc; path = PJModalView.m; sourceTree = "<group>"; };
		B67F683F1C1F2CA000187D3F /* PJModalView.xib */ = {isa = PBXFileReference; fileEncoding = 4; lastKnownFileType = file.xib; path = PJModalView.xib; sourceTree = "<group>"; };
		B67F68421C1F395300187D3F /* AddNewNetworkViewController.h */ = {isa = PBXFileReference; fileEncoding = 4; lastKnownFileType = sourcecode.c.h; path = AddNewNetworkViewController.h; sourceTree = "<group>"; };
		B67F68431C1F395300187D3F /* AddNewNetworkViewController.m */ = {isa = PBXFileReference; fileEncoding = 4; lastKnownFileType = sourcecode.c.objc; path = AddNewNetworkViewController.m; sourceTree = "<group>"; };
		CCBF10D65B80BD1C624E4948 /* Pods-EasyTopup.debug.xcconfig */ = {isa = PBXFileReference; includeInIndex = 1; lastKnownFileType = text.xcconfig; name = "Pods-EasyTopup.debug.xcconfig"; path = "Pods/Target Support Files/Pods-EasyTopup/Pods-EasyTopup.debug.xcconfig"; sourceTree = "<group>"; };
/* End PBXFileReference section */

/* Begin PBXFrameworksBuildPhase section */
		4AD153291C1952190088A3BB /* Frameworks */ = {
			isa = PBXFrameworksBuildPhase;
			buildActionMask = 2147483647;
			files = (
				4A039EE31C1AD13A002F7F83 /* CoreFoundation.framework in Frameworks */,
				4A039EE11C1AD0A0002F7F83 /* Foundation.framework in Frameworks */,
				4A039EDF1C1AD044002F7F83 /* libz.tbd in Frameworks */,
				422EA7BE1C5C6E646A79E2E3 /* libPods-EasyTopup.a in Frameworks */,
			);
			runOnlyForDeploymentPostprocessing = 0;
		};
		4AD153451C1952190088A3BB /* Frameworks */ = {
			isa = PBXFrameworksBuildPhase;
			buildActionMask = 2147483647;
			files = (
			);
			runOnlyForDeploymentPostprocessing = 0;
		};
		4AD153501C1952190088A3BB /* Frameworks */ = {
			isa = PBXFrameworksBuildPhase;
			buildActionMask = 2147483647;
			files = (
			);
			runOnlyForDeploymentPostprocessing = 0;
		};
/* End PBXFrameworksBuildPhase section */

/* Begin PBXGroup section */
		3F69937132DC340514ED23CA /* Frameworks */ = {
			isa = PBXGroup;
			children = (
				4A039EE21C1AD13A002F7F83 /* CoreFoundation.framework */,
				4A039EE01C1AD0A0002F7F83 /* Foundation.framework */,
				4A039EDE1C1AD043002F7F83 /* libz.tbd */,
				4875DBFF3016C68FA336D389 /* libPods-EasyTopup.a */,
			);
			name = Frameworks;
			sourceTree = "<group>";
		};
		436DA35085F7FA06B1DC24D7 /* Pods */ = {
			isa = PBXGroup;
			children = (
				CCBF10D65B80BD1C624E4948 /* Pods-EasyTopup.debug.xcconfig */,
				8C93069BC750A8429970F7FA /* Pods-EasyTopup.release.xcconfig */,
			);
			name = Pods;
			sourceTree = "<group>";
		};
		4AD153231C1952190088A3BB = {
			isa = PBXGroup;
			children = (
				4AD1532E1C1952190088A3BB /* EasyTopup */,
				4AD1534B1C1952190088A3BB /* EasyTopupTests */,
				4AD153561C1952190088A3BB /* EasyTopupUITests */,
				4AD1532D1C1952190088A3BB /* Products */,
				436DA35085F7FA06B1DC24D7 /* Pods */,
				3F69937132DC340514ED23CA /* Frameworks */,
			);
			sourceTree = "<group>";
		};
		4AD1532D1C1952190088A3BB /* Products */ = {
			isa = PBXGroup;
			children = (
				4AD1532C1C1952190088A3BB /* EasyTopup.app */,
				4AD153481C1952190088A3BB /* EasyTopupTests.xctest */,
				4AD153531C1952190088A3BB /* EasyTopupUITests.xctest */,
			);
			name = Products;
			sourceTree = "<group>";
		};
		4AD1532E1C1952190088A3BB /* EasyTopup */ = {
			isa = PBXGroup;
			children = (
				4AF634701C1E9A3B00C931BF /* tick.png */,
				4ADFF60D1C1995F000B1CBE1 /* tessdata */,
				4AF6346C1C1E973F00C931BF /* Models */,
				4ADFF6241C19967100B1CBE1 /* Libraries */,
				B67F68391C1F28CC00187D3F /* App Delegate */,
				B67F68381C1F28C600187D3F /* Global */,
				B67F683A1C1F28D900187D3F /* Controllers */,
				B67F683B1C1F28EF00187D3F /* Custom Cell */,
				4AD153381C1952190088A3BB /* Main.storyboard */,
				4AD1533E1C1952190088A3BB /* Assets.xcassets */,
				4AD153401C1952190088A3BB /* LaunchScreen.storyboard */,
				4AD153431C1952190088A3BB /* Info.plist */,
				4AD1532F1C1952190088A3BB /* Supporting Files */,
			);
			path = EasyTopup;
			sourceTree = "<group>";
		};
		4AD1532F1C1952190088A3BB /* Supporting Files */ = {
			isa = PBXGroup;
			children = (
				4AD153301C1952190088A3BB /* main.m */,
			);
			name = "Supporting Files";
			sourceTree = "<group>";
		};
		4AD1534B1C1952190088A3BB /* EasyTopupTests */ = {
			isa = PBXGroup;
			children = (
				4AD1534C1C1952190088A3BB /* EasyTopupTests.m */,
				4AD1534E1C1952190088A3BB /* Info.plist */,
			);
			path = EasyTopupTests;
			sourceTree = "<group>";
		};
		4AD153561C1952190088A3BB /* EasyTopupUITests */ = {
			isa = PBXGroup;
			children = (
				4AD153571C1952190088A3BB /* EasyTopupUITests.m */,
				4AD153591C1952190088A3BB /* Info.plist */,
			);
			path = EasyTopupUITests;
			sourceTree = "<group>";
		};
		4ADFF6241C19967100B1CBE1 /* Libraries */ = {
			isa = PBXGroup;
			children = (
				B67F683C1C1F2CA000187D3F /* PJModalView */,
				4ADFF6251C19968300B1CBE1 /* FXBlurView */,
				4ADFF6281C19968300B1CBE1 /* ImageCropView.h */,
				4ADFF6291C19968300B1CBE1 /* ImageCropView.m */,
			);
			path = Libraries;
			sourceTree = "<group>";
		};
		4ADFF6251C19968300B1CBE1 /* FXBlurView */ = {
			isa = PBXGroup;
			children = (
				4ADFF6261C19968300B1CBE1 /* FXBlurView.h */,
				4ADFF6271C19968300B1CBE1 /* FXBlurView.m */,
			);
			path = FXBlurView;
			sourceTree = "<group>";
		};
		4AF6346C1C1E973F00C931BF /* Models */ = {
			isa = PBXGroup;
			children = (
				4AD1533B1C1952190088A3BB /* EasyTopup.xcdatamodeld */,
				4AF634691C1E96D900C931BF /* Network.h */,
				4AF6346A1C1E96D900C931BF /* Network.m */,
			);
			name = Models;
			sourceTree = "<group>";
		};
		B67F68381C1F28C600187D3F /* Global */ = {
			isa = PBXGroup;
			children = (
				B67F68361C1F287B00187D3F /* PrefixHeader.pch */,
				B67F68371C1F28C200187D3F /* Constants.h */,
			);
			name = Global;
			sourceTree = "<group>";
		};
		B67F68391C1F28CC00187D3F /* App Delegate */ = {
			isa = PBXGroup;
			children = (
				4AD153321C1952190088A3BB /* AppDelegate.h */,
				4AD153331C1952190088A3BB /* AppDelegate.m */,
			);
			name = "App Delegate";
			sourceTree = "<group>";
		};
		B67F683A1C1F28D900187D3F /* Controllers */ = {
			isa = PBXGroup;
			children = (
				4AF634661C1E94A000C931BF /* NetworkSelectionViewController.h */,
				4AF634671C1E94A000C931BF /* NetworkSelectionViewController.m */,
				4ADFF62C1C1996EC00B1CBE1 /* OCRController.h */,
				4ADFF62D1C1996EC00B1CBE1 /* OCRController.m */,
				B67F68421C1F395300187D3F /* AddNewNetworkViewController.h */,
				B67F68431C1F395300187D3F /* AddNewNetworkViewController.m */,
				B676D2021C1F54940029BD01 /* CallController.h */,
				B676D2031C1F54940029BD01 /* CallController.m */,
			);
			name = Controllers;
			sourceTree = "<group>";
		};
		B67F683B1C1F28EF00187D3F /* Custom Cell */ = {
			isa = PBXGroup;
			children = (
				4AF6346D1C1E996500C931BF /* NetworkCell.h */,
				4AF6346E1C1E996500C931BF /* NetworkCell.m */,
			);
			name = "Custom Cell";
			sourceTree = "<group>";
		};
		B67F683C1C1F2CA000187D3F /* PJModalView */ = {
			isa = PBXGroup;
			children = (
				B67F683D1C1F2CA000187D3F /* PJModalView.h */,
				B67F683E1C1F2CA000187D3F /* PJModalView.m */,
				B67F683F1C1F2CA000187D3F /* PJModalView.xib */,
			);
			path = PJModalView;
			sourceTree = "<group>";
		};
/* End PBXGroup section */

/* Begin PBXNativeTarget section */
		4AD1532B1C1952190088A3BB /* EasyTopup */ = {
			isa = PBXNativeTarget;
			buildConfigurationList = 4AD1535C1C1952190088A3BB /* Build configuration list for PBXNativeTarget "EasyTopup" */;
			buildPhases = (
				12F1271BC379EB6C2EF93B20 /* Check Pods Manifest.lock */,
				4AD153281C1952190088A3BB /* Sources */,
				4AD153291C1952190088A3BB /* Frameworks */,
				4AD1532A1C1952190088A3BB /* Resources */,
				222EB3B584D8E27ABB23E214 /* Copy Pods Resources */,
			);
			buildRules = (
			);
			dependencies = (
			);
			name = EasyTopup;
			productName = EasyTopup;
			productReference = 4AD1532C1C1952190088A3BB /* EasyTopup.app */;
			productType = "com.apple.product-type.application";
		};
		4AD153471C1952190088A3BB /* EasyTopupTests */ = {
			isa = PBXNativeTarget;
			buildConfigurationList = 4AD1535F1C1952190088A3BB /* Build configuration list for PBXNativeTarget "EasyTopupTests" */;
			buildPhases = (
				4AD153441C1952190088A3BB /* Sources */,
				4AD153451C1952190088A3BB /* Frameworks */,
				4AD153461C1952190088A3BB /* Resources */,
			);
			buildRules = (
			);
			dependencies = (
				4AD1534A1C1952190088A3BB /* PBXTargetDependency */,
			);
			name = EasyTopupTests;
			productName = EasyTopupTests;
			productReference = 4AD153481C1952190088A3BB /* EasyTopupTests.xctest */;
			productType = "com.apple.product-type.bundle.unit-test";
		};
		4AD153521C1952190088A3BB /* EasyTopupUITests */ = {
			isa = PBXNativeTarget;
			buildConfigurationList = 4AD153621C1952190088A3BB /* Build configuration list for PBXNativeTarget "EasyTopupUITests" */;
			buildPhases = (
				4AD1534F1C1952190088A3BB /* Sources */,
				4AD153501C1952190088A3BB /* Frameworks */,
				4AD153511C1952190088A3BB /* Resources */,
			);
			buildRules = (
			);
			dependencies = (
				4AD153551C1952190088A3BB /* PBXTargetDependency */,
			);
			name = EasyTopupUITests;
			productName = EasyTopupUITests;
			productReference = 4AD153531C1952190088A3BB /* EasyTopupUITests.xctest */;
			productType = "com.apple.product-type.bundle.ui-testing";
		};
/* End PBXNativeTarget section */

/* Begin PBXProject section */
		4AD153241C1952190088A3BB /* Project object */ = {
			isa = PBXProject;
			attributes = {
				LastUpgradeCheck = 0710;
				ORGANIZATIONNAME = Eeposit1;
				TargetAttributes = {
					4AD1532B1C1952190088A3BB = {
						CreatedOnToolsVersion = 7.1.1;
						DevelopmentTeam = QH78X3WH4V;
					};
					4AD153471C1952190088A3BB = {
						CreatedOnToolsVersion = 7.1.1;
						TestTargetID = 4AD1532B1C1952190088A3BB;
					};
					4AD153521C1952190088A3BB = {
						CreatedOnToolsVersion = 7.1.1;
						TestTargetID = 4AD1532B1C1952190088A3BB;
					};
				};
			};
			buildConfigurationList = 4AD153271C1952190088A3BB /* Build configuration list for PBXProject "EasyTopup" */;
			compatibilityVersion = "Xcode 3.2";
			developmentRegion = English;
			hasScannedForEncodings = 0;
			knownRegions = (
				en,
				Base,
			);
			mainGroup = 4AD153231C1952190088A3BB;
			productRefGroup = 4AD1532D1C1952190088A3BB /* Products */;
			projectDirPath = "";
			projectRoot = "";
			targets = (
				4AD1532B1C1952190088A3BB /* EasyTopup */,
				4AD153471C1952190088A3BB /* EasyTopupTests */,
				4AD153521C1952190088A3BB /* EasyTopupUITests */,
			);
		};
/* End PBXProject section */

/* Begin PBXResourcesBuildPhase section */
		4AD1532A1C1952190088A3BB /* Resources */ = {
			isa = PBXResourcesBuildPhase;
			buildActionMask = 2147483647;
			files = (
				4AD153421C1952190088A3BB /* LaunchScreen.storyboard in Resources */,
				4AF634711C1E9A3B00C931BF /* tick.png in Resources */,
				B67F68411C1F2CA000187D3F /* PJModalView.xib in Resources */,
				4ADFF60E1C1995F000B1CBE1 /* tessdata in Resources */,
				4AD1533F1C1952190088A3BB /* Assets.xcassets in Resources */,
				4AD1533A1C1952190088A3BB /* Main.storyboard in Resources */,
			);
			runOnlyForDeploymentPostprocessing = 0;
		};
		4AD153461C1952190088A3BB /* Resources */ = {
			isa = PBXResourcesBuildPhase;
			buildActionMask = 2147483647;
			files = (
			);
			runOnlyForDeploymentPostprocessing = 0;
		};
		4AD153511C1952190088A3BB /* Resources */ = {
			isa = PBXResourcesBuildPhase;
			buildActionMask = 2147483647;
			files = (
			);
			runOnlyForDeploymentPostprocessing = 0;
		};
/* End PBXResourcesBuildPhase section */

/* Begin PBXShellScriptBuildPhase section */
		12F1271BC379EB6C2EF93B20 /* Check Pods Manifest.lock */ = {
			isa = PBXShellScriptBuildPhase;
			buildActionMask = 2147483647;
			files = (
			);
			inputPaths = (
			);
			name = "Check Pods Manifest.lock";
			outputPaths = (
			);
			runOnlyForDeploymentPostprocessing = 0;
			shellPath = /bin/sh;
			shellScript = "diff \"${PODS_ROOT}/../Podfile.lock\" \"${PODS_ROOT}/Manifest.lock\" > /dev/null\nif [[ $? != 0 ]] ; then\n    cat << EOM\nerror: The sandbox is not in sync with the Podfile.lock. Run 'pod install' or update your CocoaPods installation.\nEOM\n    exit 1\nfi\n";
			showEnvVarsInLog = 0;
		};
		222EB3B584D8E27ABB23E214 /* Copy Pods Resources */ = {
			isa = PBXShellScriptBuildPhase;
			buildActionMask = 2147483647;
			files = (
			);
			inputPaths = (
			);
			name = "Copy Pods Resources";
			outputPaths = (
			);
			runOnlyForDeploymentPostprocessing = 0;
			shellPath = /bin/sh;
			shellScript = "\"${SRCROOT}/Pods/Target Support Files/Pods-EasyTopup/Pods-EasyTopup-resources.sh\"\n";
			showEnvVarsInLog = 0;
		};
/* End PBXShellScriptBuildPhase section */

/* Begin PBXSourcesBuildPhase section */
		4AD153281C1952190088A3BB /* Sources */ = {
			isa = PBXSourcesBuildPhase;
			buildActionMask = 2147483647;
			files = (
				B67F68401C1F2CA000187D3F /* PJModalView.m in Sources */,
				B67F68441C1F395300187D3F /* AddNewNetworkViewController.m in Sources */,
				4ADFF62B1C19968300B1CBE1 /* ImageCropView.m in Sources */,
				4AD1533D1C1952190088A3BB /* EasyTopup.xcdatamodeld in Sources */,
				4ADFF62E1C1996EC00B1CBE1 /* OCRController.m in Sources */,
				4AF634681C1E94A000C931BF /* NetworkSelectionViewController.m in Sources */,
				4ADFF62A1C19968300B1CBE1 /* FXBlurView.m in Sources */,
				4AD153341C1952190088A3BB /* AppDelegate.m in Sources */,
				4AF6346B1C1E96D900C931BF /* Network.m in Sources */,
				4AD153311C1952190088A3BB /* main.m in Sources */,
				4AF6346F1C1E996500C931BF /* NetworkCell.m in Sources */,
				B676D2041C1F54940029BD01 /* CallController.m in Sources */,
			);
			runOnlyForDeploymentPostprocessing = 0;
		};
		4AD153441C1952190088A3BB /* Sources */ = {
			isa = PBXSourcesBuildPhase;
			buildActionMask = 2147483647;
			files = (
				4AD1534D1C1952190088A3BB /* EasyTopupTests.m in Sources */,
			);
			runOnlyForDeploymentPostprocessing = 0;
		};
		4AD1534F1C1952190088A3BB /* Sources */ = {
			isa = PBXSourcesBuildPhase;
			buildActionMask = 2147483647;
			files = (
				4AD153581C1952190088A3BB /* EasyTopupUITests.m in Sources */,
			);
			runOnlyForDeploymentPostprocessing = 0;
		};
/* End PBXSourcesBuildPhase section */

/* Begin PBXTargetDependency section */
		4AD1534A1C1952190088A3BB /* PBXTargetDependency */ = {
			isa = PBXTargetDependency;
			target = 4AD1532B1C1952190088A3BB /* EasyTopup */;
			targetProxy = 4AD153491C1952190088A3BB /* PBXContainerItemProxy */;
		};
		4AD153551C1952190088A3BB /* PBXTargetDependency */ = {
			isa = PBXTargetDependency;
			target = 4AD1532B1C1952190088A3BB /* EasyTopup */;
			targetProxy = 4AD153541C1952190088A3BB /* PBXContainerItemProxy */;
		};
/* End PBXTargetDependency section */

/* Begin PBXVariantGroup section */
		4AD153381C1952190088A3BB /* Main.storyboard */ = {
			isa = PBXVariantGroup;
			children = (
				4AD153391C1952190088A3BB /* Base */,
			);
			name = Main.storyboard;
			sourceTree = "<group>";
		};
		4AD153401C1952190088A3BB /* LaunchScreen.storyboard */ = {
			isa = PBXVariantGroup;
			children = (
				4AD153411C1952190088A3BB /* Base */,
			);
			name = LaunchScreen.storyboard;
			sourceTree = "<group>";
		};
/* End PBXVariantGroup section */

/* Begin XCBuildConfiguration section */
		4AD1535A1C1952190088A3BB /* Debug */ = {
			isa = XCBuildConfiguration;
			buildSettings = {
				ALWAYS_SEARCH_USER_PATHS = NO;
				CLANG_CXX_LANGUAGE_STANDARD = "gnu++0x";
				CLANG_CXX_LIBRARY = "libc++";
				CLANG_ENABLE_MODULES = YES;
				CLANG_ENABLE_OBJC_ARC = YES;
				CLANG_WARN_BOOL_CONVERSION = YES;
				CLANG_WARN_CONSTANT_CONVERSION = YES;
				CLANG_WARN_DIRECT_OBJC_ISA_USAGE = YES_ERROR;
				CLANG_WARN_EMPTY_BODY = YES;
				CLANG_WARN_ENUM_CONVERSION = YES;
				CLANG_WARN_INT_CONVERSION = YES;
				CLANG_WARN_OBJC_ROOT_CLASS = YES_ERROR;
				CLANG_WARN_UNREACHABLE_CODE = YES;
				CLANG_WARN__DUPLICATE_METHOD_MATCH = YES;
				"CODE_SIGN_IDENTITY[sdk=iphoneos*]" = "iPhone Developer";
				COPY_PHASE_STRIP = NO;
				DEBUG_INFORMATION_FORMAT = dwarf;
				ENABLE_STRICT_OBJC_MSGSEND = YES;
				ENABLE_TESTABILITY = YES;
				GCC_C_LANGUAGE_STANDARD = gnu99;
				GCC_DYNAMIC_NO_PIC = NO;
				GCC_NO_COMMON_BLOCKS = YES;
				GCC_OPTIMIZATION_LEVEL = 0;
				GCC_PREPROCESSOR_DEFINITIONS = (
					"DEBUG=1",
					"$(inherited)",
				);
				GCC_WARN_64_TO_32_BIT_CONVERSION = YES;
				GCC_WARN_ABOUT_RETURN_TYPE = YES_ERROR;
				GCC_WARN_UNDECLARED_SELECTOR = YES;
				GCC_WARN_UNINITIALIZED_AUTOS = YES_AGGRESSIVE;
				GCC_WARN_UNUSED_FUNCTION = YES;
				GCC_WARN_UNUSED_VARIABLE = YES;
				IPHONEOS_DEPLOYMENT_TARGET = 8.0;
				MTL_ENABLE_DEBUG_INFO = YES;
				ONLY_ACTIVE_ARCH = YES;
				SDKROOT = iphoneos;
				TARGETED_DEVICE_FAMILY = "1,2";
			};
			name = Debug;
		};
		4AD1535B1C1952190088A3BB /* Release */ = {
			isa = XCBuildConfiguration;
			buildSettings = {
				ALWAYS_SEARCH_USER_PATHS = NO;
				CLANG_CXX_LANGUAGE_STANDARD = "gnu++0x";
				CLANG_CXX_LIBRARY = "libc++";
				CLANG_ENABLE_MODULES = YES;
				CLANG_ENABLE_OBJC_ARC = YES;
				CLANG_WARN_BOOL_CONVERSION = YES;
				CLANG_WARN_CONSTANT_CONVERSION = YES;
				CLANG_WARN_DIRECT_OBJC_ISA_USAGE = YES_ERROR;
				CLANG_WARN_EMPTY_BODY = YES;
				CLANG_WARN_ENUM_CONVERSION = YES;
				CLANG_WARN_INT_CONVERSION = YES;
				CLANG_WARN_OBJC_ROOT_CLASS = YES_ERROR;
				CLANG_WARN_UNREACHABLE_CODE = YES;
				CLANG_WARN__DUPLICATE_METHOD_MATCH = YES;
				"CODE_SIGN_IDENTITY[sdk=iphoneos*]" = "iPhone Developer";
				COPY_PHASE_STRIP = NO;
				DEBUG_INFORMATION_FORMAT = "dwarf-with-dsym";
				ENABLE_NS_ASSERTIONS = NO;
				ENABLE_STRICT_OBJC_MSGSEND = YES;
				GCC_C_LANGUAGE_STANDARD = gnu99;
				GCC_NO_COMMON_BLOCKS = YES;
				GCC_WARN_64_TO_32_BIT_CONVERSION = YES;
				GCC_WARN_ABOUT_RETURN_TYPE = YES_ERROR;
				GCC_WARN_UNDECLARED_SELECTOR = YES;
				GCC_WARN_UNINITIALIZED_AUTOS = YES_AGGRESSIVE;
				GCC_WARN_UNUSED_FUNCTION = YES;
				GCC_WARN_UNUSED_VARIABLE = YES;
				IPHONEOS_DEPLOYMENT_TARGET = 8.0;
				MTL_ENABLE_DEBUG_INFO = NO;
				SDKROOT = iphoneos;
				TARGETED_DEVICE_FAMILY = "1,2";
				VALIDATE_PRODUCT = YES;
			};
			name = Release;
		};
		4AD1535D1C1952190088A3BB /* Debug */ = {
			isa = XCBuildConfiguration;
			baseConfigurationReference = CCBF10D65B80BD1C624E4948 /* Pods-EasyTopup.debug.xcconfig */;
			buildSettings = {
				ASSETCATALOG_COMPILER_APPICON_NAME = AppIcon;
				CODE_SIGN_IDENTITY = "iPhone Distribution";
				"CODE_SIGN_IDENTITY[sdk=iphoneos*]" = "iPhone Distribution";
				ENABLE_BITCODE = NO;
				GCC_NO_COMMON_BLOCKS = NO;
				GCC_PRECOMPILE_PREFIX_HEADER = YES;
				GCC_PREFIX_HEADER = EasyTopup/PrefixHeader.pch;
				INFOPLIST_FILE = EasyTopup/Info.plist;
				IPHONEOS_DEPLOYMENT_TARGET = 8.0;
				LD_RUNPATH_SEARCH_PATHS = "$(inherited) @executable_path/Frameworks";
				PRODUCT_BUNDLE_IDENTIFIER = com.eeposit.myCage;
				PRODUCT_NAME = "$(TARGET_NAME)";
				PROVISIONING_PROFILE = "cae112f0-933e-456a-a6e5-f9e8e2dc7d0b";
			};
			name = Debug;
		};
		4AD1535E1C1952190088A3BB /* Release */ = {
			isa = XCBuildConfiguration;
			baseConfigurationReference = 8C93069BC750A8429970F7FA /* Pods-EasyTopup.release.xcconfig */;
			buildSettings = {
				ASSETCATALOG_COMPILER_APPICON_NAME = AppIcon;
				CODE_SIGN_IDENTITY = "iPhone Distribution";
				"CODE_SIGN_IDENTITY[sdk=iphoneos*]" = "iPhone Distribution: Narayan Basnet (QH78X3WH4V)";
				ENABLE_BITCODE = NO;
				GCC_NO_COMMON_BLOCKS = NO;
				GCC_PRECOMPILE_PREFIX_HEADER = YES;
				GCC_PREFIX_HEADER = EasyTopup/PrefixHeader.pch;
				INFOPLIST_FILE = EasyTopup/Info.plist;
				IPHONEOS_DEPLOYMENT_TARGET = 8.0;
				LD_RUNPATH_SEARCH_PATHS = "$(inherited) @executable_path/Frameworks";
				PRODUCT_BUNDLE_IDENTIFIER = com.eeposit.myCage;
				PRODUCT_NAME = "$(TARGET_NAME)";
				PROVISIONING_PROFILE = "cae112f0-933e-456a-a6e5-f9e8e2dc7d0b";
			};
			name = Release;
		};
		4AD153601C1952190088A3BB /* Debug */ = {
			isa = XCBuildConfiguration;
			buildSettings = {
				BUNDLE_LOADER = "$(TEST_HOST)";
				INFOPLIST_FILE = EasyTopupTests/Info.plist;
				LD_RUNPATH_SEARCH_PATHS = "$(inherited) @executable_path/Frameworks @loader_path/Frameworks";
				PRODUCT_BUNDLE_IDENTIFIER = eeposit.EasyTopupTests;
				PRODUCT_NAME = "$(TARGET_NAME)";
				TEST_HOST = "$(BUILT_PRODUCTS_DIR)/EasyTopup.app/EasyTopup";
			};
			name = Debug;
		};
		4AD153611C1952190088A3BB /* Release */ = {
			isa = XCBuildConfiguration;
			buildSettings = {
				BUNDLE_LOADER = "$(TEST_HOST)";
				INFOPLIST_FILE = EasyTopupTests/Info.plist;
				LD_RUNPATH_SEARCH_PATHS = "$(inherited) @executable_path/Frameworks @loader_path/Frameworks";
				PRODUCT_BUNDLE_IDENTIFIER = eeposit.EasyTopupTests;
				PRODUCT_NAME = "$(TARGET_NAME)";
				TEST_HOST = "$(BUILT_PRODUCTS_DIR)/EasyTopup.app/EasyTopup";
			};
			name = Release;
		};
		4AD153631C1952190088A3BB /* Debug */ = {
			isa = XCBuildConfiguration;
			buildSettings = {
				INFOPLIST_FILE = EasyTopupUITests/Info.plist;
				LD_RUNPATH_SEARCH_PATHS = "$(inherited) @executable_path/Frameworks @loader_path/Frameworks";
				PRODUCT_BUNDLE_IDENTIFIER = eeposit.EasyTopupUITests;
				PRODUCT_NAME = "$(TARGET_NAME)";
				TEST_TARGET_NAME = EasyTopup;
				USES_XCTRUNNER = YES;
			};
			name = Debug;
		};
		4AD153641C1952190088A3BB /* Release */ = {
			isa = XCBuildConfiguration;
			buildSettings = {
				INFOPLIST_FILE = EasyTopupUITests/Info.plist;
				LD_RUNPATH_SEARCH_PATHS = "$(inherited) @executable_path/Frameworks @loader_path/Frameworks";
				PRODUCT_BUNDLE_IDENTIFIER = eeposit.EasyTopupUITests;
				PRODUCT_NAME = "$(TARGET_NAME)";
				TEST_TARGET_NAME = EasyTopup;
				USES_XCTRUNNER = YES;
			};
			name = Release;
		};
/* End XCBuildConfiguration section */

/* Begin XCConfigurationList section */
		4AD153271C1952190088A3BB /* Build configuration list for PBXProject "EasyTopup" */ = {
			isa = XCConfigurationList;
			buildConfigurations = (
				4AD1535A1C1952190088A3BB /* Debug */,
				4AD1535B1C1952190088A3BB /* Release */,
			);
			defaultConfigurationIsVisible = 0;
			defaultConfigurationName = Release;
		};
		4AD1535C1C1952190088A3BB /* Build configuration list for PBXNativeTarget "EasyTopup" */ = {
			isa = XCConfigurationList;
			buildConfigurations = (
				4AD1535D1C1952190088A3BB /* Debug */,
				4AD1535E1C1952190088A3BB /* Release */,
			);
			defaultConfigurationIsVisible = 0;
			defaultConfigurationName = Release;
		};
		4AD1535F1C1952190088A3BB /* Build configuration list for PBXNativeTarget "EasyTopupTests" */ = {
			isa = XCConfigurationList;
			buildConfigurations = (
				4AD153601C1952190088A3BB /* Debug */,
				4AD153611C1952190088A3BB /* Release */,
			);
			defaultConfigurationIsVisible = 0;
			defaultConfigurationName = Release;
		};
		4AD153621C1952190088A3BB /* Build configuration list for PBXNativeTarget "EasyTopupUITests" */ = {
			isa = XCConfigurationList;
			buildConfigurations = (
				4AD153631C1952190088A3BB /* Debug */,
				4AD153641C1952190088A3BB /* Release */,
			);
			defaultConfigurationIsVisible = 0;
			defaultConfigurationName = Release;
		};
/* End XCConfigurationList section */

/* Begin XCVersionGroup section */
		4AD1533B1C1952190088A3BB /* EasyTopup.xcdatamodeld */ = {
			isa = XCVersionGroup;
			children = (
				4AD1533C1C1952190088A3BB /* EasyTopup.xcdatamodel */,
			);
			currentVersion = 4AD1533C1C1952190088A3BB /* EasyTopup.xcdatamodel */;
			path = EasyTopup.xcdatamodeld;
			sourceTree = "<group>";
			versionGroupType = wrapper.xcdatamodel;
		};
/* End XCVersionGroup section */
	};
	rootObject = 4AD153241C1952190088A3BB /* Project object */;
}
